
Microsoft Visual Studio Solution File, Format Version 12.00
# Visual Studio Version 16
VisualStudioVersion = 16.0.30804.86
MinimumVisualStudioVersion = 10.0.40219.1
Project("{FAE04EC0-301F-11D3-BF4B-00C04F79EFBC}") = "ClassLibrary1", "ClassLibrary1\ClassLibrary1.csproj", "{2A3923A6-F7E4-450B-8A18-114303D51354}"
EndProject
Global
	GlobalSection(SolutionConfigurationPlatforms) = preSolution
		Debug|Any CPU = Debug|Any CPU
		Release|Any CPU = Release|Any CPU
	EndGlobalSection
	GlobalSection(ProjectConfigurationPlatforms) = postSolution
		{2A3923A6-F7E4-450B-8A18-114303D51354}.Debug|Any CPU.ActiveCfg = Debug|Any CPU
		{2A3923A6-F7E4-450B-8A18-114303D51354}.Debug|Any CPU.Build.0 = Debug|Any CPU
		{2A3923A6-F7E4-450B-8A18-114303D51354}.Release|Any CPU.ActiveCfg = Release|Any CPU
		{2A3923A6-F7E4-450B-8A18-114303D51354}.Release|Any CPU.Build.0 = Release|Any CPU
	EndGlobalSection
	GlobalSection(SolutionProperties) = preSolution
		HideSolutionNode = FALSE
	EndGlobalSection
	GlobalSection(ExtensibilityGlobals) = postSolution
		SolutionGuid = {38B3B4B6-5E07-43F6-B759-4360D362352A}
	EndGlobalSection
EndGlobal
